<Solution>
  <Folder Name="/Элементы решения/">
    <File Path="Player.cs" />
    <File Path="SlotMachine.cs" />
    <File Path="Symbols.cs" />
    <File Path="WinChecker.cs" />
  </Folder>
  <Project Path="../SlotMachine.Tests/SlotMachine.Tests.csproj" Id="bdd7807f-0be8-441d-9403-da5afac57b2d" />
  <Project Path="SlotMachine.csproj" />
</Solution>
